version=1
lock_generator=uv-0.8.15
python_target=cp312-manylinux_2_17_x86_64
application_base=python:3.12-slim@sha256:09f7da3bc104798d0afb40bc08d23ab2da20a76130cec1f2ef170848f5d85217
proxy_base=debian:bookworm-slim@sha256:88200866dfff7ea7f5cbcb6ec7c8a701889efe6fe859fe64d6990e4b07ea4171
caddy_image=caddy:2-alpine@sha256:5f5c8640aae01df9654968d946d8f1a56c497f1dd5c5cda4cf95ab7c14d58648
postgres_image=postgres:18-bookworm@sha256:1c59e2c3c818eaa0f0628f695b36e7c9e362d6b219b36a54a32df645cbd7e1af
redis_image=redis:7.4-alpine@sha256:ff02b58f971e7d7d156a1267e283fcbbeee91773b6aa36c49dac28ecfe28eadf
debian_snapshot=20260828T000000Z
requirements_input_sha256=5d9e5d8112e1a0bb9db467cc0835514eb136b2696ded25b7113ea0c9c08d63ad
requirements_lock_sha256=7005c66ea94410f27939da3f566df6ebf26db20ddc0f241e07d275d471dfa86f
